github.com/rcrowley/go-metrics v0.0.0-20181016184325-3113b8401b8a h1:9ZKAASQSHhDYGoxY8uLVpewe1GDZ2vu2Tr/vTdVAkFQ=
github.com/rcrowley/go-metrics v0.0.0-20181016184325-3113b8401b8a/go.mod h1:bCqnVzQkZxMG4s8nGwiZ5l3QUCyqpo9Y+/ZMZ9VjZe4=
github.com/wavefronthq/go-metrics-wavefront v0.0.0-20180726000817-539b1839cdaf h1:W8vRYoWMWvj9gTysS1LRQ9m6lKDuRqog47nVaSMmpgU=
github.com/wavefronthq/go-metrics-wavefront v0.0.0-20180726000817-539b1839cdaf/go.mod h1:aU/q29aSlzqqUkNHiK0Ddi6Rmtfw1lcLrxKb2VGLiMA=
